Microsoft Visual Studio Solution File, Format Version 11.00
# Visual Studio 2008

Project("{0880EEAF-F1D2-0A4A-7F31-C1814232FA1F}") = "Second Soul", "Assembly-CSharp-firstpass.csproj", "{45DF45F5-3538-9ABC-22A9-7ACD5E07DDB6}"
EndProject
Project("{0880EEAF-F1D2-0A4A-7F31-C1814232FA1F}") = "Second Soul", "Assembly-CSharp.csproj", "{D94BF160-8AAD-A249-77B8-A14043B2FE56}"
EndProject
Project("{0880EEAF-F1D2-0A4A-7F31-C1814232FA1F}") = "Second Soul", "Assembly-CSharp-Editor.csproj", "{948B5F05-1B4F-1776-1BC8-461BD740D411}"
EndProject
Project("{0880EEAF-F1D2-0A4A-7F31-C1814232FA1F}") = "Second Soul", "Assembly-UnityScript-firstpass.unityproj", "{8400A744-01AC-F2D2-7625-0B1C46E856DF}"
EndProject
Project("{0880EEAF-F1D2-0A4A-7F31-C1814232FA1F}") = "Second Soul", "Assembly-UnityScript.unityproj", "{5AFC5A7A-6201-9B94-80EC-D5DD659FB072}"
EndProject
Global
	GlobalSection(SolutionConfigurationPlatforms) = preSolution
		Debug|Any CPU = Debug|Any CPU
		Release|Any CPU = Release|Any CPU
	EndGlobalSection
	GlobalSection(ProjectConfigurationPlatforms) = postSolution
		{45DF45F5-3538-9ABC-22A9-7ACD5E07DDB6}.Debug|Any CPU.ActiveCfg = Debug|Any CPU
		{45DF45F5-3538-9ABC-22A9-7ACD5E07DDB6}.Debug|Any CPU.Build.0 = Debug|Any CPU
		{45DF45F5-3538-9ABC-22A9-7ACD5E07DDB6}.Release|Any CPU.ActiveCfg = Release|Any CPU
		{45DF45F5-3538-9ABC-22A9-7ACD5E07DDB6}.Release|Any CPU.Build.0 = Release|Any CPU
		{D94BF160-8AAD-A249-77B8-A14043B2FE56}.Debug|Any CPU.ActiveCfg = Debug|Any CPU
		{D94BF160-8AAD-A249-77B8-A14043B2FE56}.Debug|Any CPU.Build.0 = Debug|Any CPU
		{D94BF160-8AAD-A249-77B8-A14043B2FE56}.Release|Any CPU.ActiveCfg = Release|Any CPU
		{D94BF160-8AAD-A249-77B8-A14043B2FE56}.Release|Any CPU.Build.0 = Release|Any CPU
		{948B5F05-1B4F-1776-1BC8-461BD740D411}.Debug|Any CPU.ActiveCfg = Debug|Any CPU
		{948B5F05-1B4F-1776-1BC8-461BD740D411}.Debug|Any CPU.Build.0 = Debug|Any CPU
		{948B5F05-1B4F-1776-1BC8-461BD740D411}.Release|Any CPU.ActiveCfg = Release|Any CPU
		{948B5F05-1B4F-1776-1BC8-461BD740D411}.Release|Any CPU.Build.0 = Release|Any CPU
		{8400A744-01AC-F2D2-7625-0B1C46E856DF}.Debug|Any CPU.ActiveCfg = Debug|Any CPU
		{8400A744-01AC-F2D2-7625-0B1C46E856DF}.Debug|Any CPU.Build.0 = Debug|Any CPU
		{8400A744-01AC-F2D2-7625-0B1C46E856DF}.Release|Any CPU.ActiveCfg = Release|Any CPU
		{8400A744-01AC-F2D2-7625-0B1C46E856DF}.Release|Any CPU.Build.0 = Release|Any CPU
		{5AFC5A7A-6201-9B94-80EC-D5DD659FB072}.Debug|Any CPU.ActiveCfg = Debug|Any CPU
		{5AFC5A7A-6201-9B94-80EC-D5DD659FB072}.Debug|Any CPU.Build.0 = Debug|Any CPU
		{5AFC5A7A-6201-9B94-80EC-D5DD659FB072}.Release|Any CPU.ActiveCfg = Release|Any CPU
		{5AFC5A7A-6201-9B94-80EC-D5DD659FB072}.Release|Any CPU.Build.0 = Release|Any CPU
	EndGlobalSection
	GlobalSection(SolutionProperties) = preSolution
		HideSolutionNode = FALSE
	EndGlobalSection
																													GlobalSection(MonoDevelopProperties) = preSolution
		StartupItem = Assembly-CSharp.csproj
		Policies = $0
		$0.TextStylePolicy = $1
		$1.inheritsSet = null
		$1.scope = text/x-csharp
		$0.CSharpFormattingPolicy = $2
		$2.inheritsSet = Mono
		$2.inheritsScope = text/x-csharp
		$2.scope = text/x-csharp
		$0.TextStylePolicy = $3
		$3.FileWidth = 120
		$3.TabWidth = 4
		$3.EolMarker = Unix
		$3.inheritsSet = Mono
		$3.inheritsScope = text/plain
		$3.scope = text/plain
	EndGlobalSection

EndGlobal
